
Microsoft Visual Studio Solution File, Format Version 12.00
# Visual Studio Version 16
VisualStudioVersion = 16.0.30804.86
MinimumVisualStudioVersion = 10.0.40219.1
Project("{FAE04EC0-301F-11D3-BF4B-00C04F79EFBC}") = "FormXmlKullanimi", "FormXmlKullanimi\FormXmlKullanimi.csproj", "{40640183-53E9-45D6-A3A7-1479E49EDE69}"
EndProject
Project("{54435603-DBB4-11D2-8724-00A0C9A8B90C}") = "Xml Converter", "Xml Converter\Xml Converter.vdproj", "{C6672511-93DD-448B-82C0-6C0CAEF851A9}"
EndProject
Global
	GlobalSection(SolutionConfigurationPlatforms) = preSolution
		Debug|Any CPU = Debug|Any CPU
		Release|Any CPU = Release|Any CPU
	EndGlobalSection
	GlobalSection(ProjectConfigurationPlatforms) = postSolution
		{40640183-53E9-45D6-A3A7-1479E49EDE69}.Debug|Any CPU.ActiveCfg = Debug|Any CPU
		{40640183-53E9-45D6-A3A7-1479E49EDE69}.Debug|Any CPU.Build.0 = Debug|Any CPU
		{40640183-53E9-45D6-A3A7-1479E49EDE69}.Release|Any CPU.ActiveCfg = Release|Any CPU
		{40640183-53E9-45D6-A3A7-1479E49EDE69}.Release|Any CPU.Build.0 = Release|Any CPU
		{C6672511-93DD-448B-82C0-6C0CAEF851A9}.Debug|Any CPU.ActiveCfg = Debug
		{C6672511-93DD-448B-82C0-6C0CAEF851A9}.Release|Any CPU.ActiveCfg = Release
	EndGlobalSection
	GlobalSection(SolutionProperties) = preSolution
		HideSolutionNode = FALSE
	EndGlobalSection
	GlobalSection(ExtensibilityGlobals) = postSolution
		SolutionGuid = {5CB46CC3-B0A6-43AA-8231-49272E36FA7B}
	EndGlobalSection
EndGlobal
